// !$*UTF8*$!
{
	archiveVersion = 1;
	classes = {
	};
	objectVersion = 46;
	objects = {

/* Begin PBXBuildFile section */
		E358268F1D48917000210E84 /* main.m in Sources */ = {isa = PBXBuildFile; fileRef = E358268E1D48917000210E84 /* main.m */; };
		E35826921D48917000210E84 /* AppDelegate.m in Sources */ = {isa = PBXBuildFile; fileRef = E35826911D48917000210E84 /* AppDelegate.m */; };
		E35826951D48917000210E84 /* ViewController.m in Sources */ = {isa = PBXBuildFile; fileRef = E35826941D48917000210E84 /* ViewController.m */; };
		E35826981D48917000210E84 /* Main.storyboard in Resources */ = {isa = PBXBuildFile; fileRef = E35826961D48917000210E84 /* Main.storyboard */; };
		E358269A1D48917000210E84 /* Assets.xcassets in Resources */ = {isa = PBXBuildFile; fileRef = E35826991D48917000210E84 /* Assets.xcassets */; };
		E358269D1D48917000210E84 /* LaunchScreen.storyboard in Resources */ = {isa = PBXBuildFile; fileRef = E358269B1D48917000210E84 /* LaunchScreen.storyboard */; };
		E35826A81D48917000210E84 /* TSNoChatTests.m in Sources */ = {isa = PBXBuildFile; fileRef = E35826A71D48917000210E84 /* TSNoChatTests.m */; };
		E35826B31D48917000210E84 /* TSNoChatUITests.m in Sources */ = {isa = PBXBuildFile; fileRef = E35826B21D48917000210E84 /* TSNoChatUITests.m */; };
/* End PBXBuildFile section */

/* Begin PBXContainerItemProxy section */
		E35826A41D48917000210E84 /* PBXContainerItemProxy */ = {
			isa = PBXContainerItemProxy;
			containerPortal = E35826821D48917000210E84 /* Project object */;
			proxyType = 1;
			remoteGlobalIDString = E35826891D48917000210E84;
			remoteInfo = TSNoChat;
		};
		E35826AF1D48917000210E84 /* PBXContainerItemProxy */ = {
			isa = PBXContainerItemProxy;
			containerPortal = E35826821D48917000210E84 /* Project object */;
			proxyType = 1;
			remoteGlobalIDString = E35826891D48917000210E84;
			remoteInfo = TSNoChat;
		};
/* End PBXContainerItemProxy section */

/* Begin PBXFileReference section */
		E358268A1D48917000210E84 /* TSNoChat.app */ = {isa = PBXFileReference; explicitFileType = wrapper.application; includeInIndex = 0; path = TSNoChat.app; sourceTree = BUILT_PRODUCTS_DIR; };
		E358268E1D48917000210E84 /* main.m */ = {isa = PBXFileReference; lastKnownFileType = sourcecode.c.objc; path = main.m; sourceTree = "<group>"; };
		E35826901D48917000210E84 /* AppDelegate.h */ = {isa = PBXFileReference; lastKnownFileType = sourcecode.c.h; path = AppDelegate.h; sourceTree = "<group>"; };
		E35826911D48917000210E84 /* AppDelegate.m */ = {isa = PBXFileReference; lastKnownFileType = sourcecode.c.objc; path = AppDelegate.m; sourceTree = "<group>"; };
		E35826931D48917000210E84 /* ViewController.h */ = {isa = PBXFileReference; lastKnownFileType = sourcecode.c.h; path = ViewController.h; sourceTree = "<group>"; };
		E35826941D48917000210E84 /* ViewController.m */ = {isa = PBXFileReference; lastKnownFileType = sourcecode.c.objc; path = ViewController.m; sourceTree = "<group>"; };
		E35826971D48917000210E84 /* Base */ = {isa = PBXFileReference; lastKnownFileType = file.storyboard; name = Base; path = Base.lproj/Main.storyboard; sourceTree = "<group>"; };
		E35826991D48917000210E84 /* Assets.xcassets */ = {isa = PBXFileReference; lastKnownFileType = folder.assetcatalog; path = Assets.xcassets; sourceTree = "<group>"; };
		E358269C1D48917000210E84 /* Base */ = {isa = PBXFileReference; lastKnownFileType = file.storyboard; name = Base; path = Base.lproj/LaunchScreen.storyboard; sourceTree = "<group>"; };
		E358269E1D48917000210E84 /* Info.plist */ = {isa = PBXFileReference; lastKnownFileType = text.plist.xml; path = Info.plist; sourceTree = "<group>"; };
		E35826A31D48917000210E84 /* TSNoChatTests.xctest */ = {isa = PBXFileReference; explicitFileType = wrapper.cfbundle; includeInIndex = 0; path = TSNoChatTests.xctest; sourceTree = BUILT_PRODUCTS_DIR; };
		E35826A71D48917000210E84 /* TSNoChatTests.m */ = {isa = PBXFileReference; lastKnownFileType = sourcecode.c.objc; path = TSNoChatTests.m; sourceTree = "<group>"; };
		E35826A91D48917000210E84 /* Info.plist */ = {isa = PBXFileReference; lastKnownFileType = text.plist.xml; path = Info.plist; sourceTree = "<group>"; };
		E35826AE1D48917000210E84 /* TSNoChatUITests.xctest */ = {isa = PBXFileReference; explicitFileType = wrapper.cfbundle; includeInIndex = 0; path = TSNoChatUITests.xctest; sourceTree = BUILT_PRODUCTS_DIR; };
		E35826B21D48917000210E84 /* TSNoChatUITests.m */ = {isa = PBXFileReference; lastKnownFileType = sourcecode.c.objc; path = TSNoChatUITests.m; sourceTree = "<group>"; };
		E35826B41D48917000210E84 /* Info.plist */ = {isa = PBXFileReference; lastKnownFileType = text.plist.xml; path = Info.plist; sourceTree = "<group>"; };
/* End PBXFileReference section */

/* Begin PBXFrameworksBuildPhase section */
		E35826871D48917000210E84 /* Frameworks */ = {
			isa = PBXFrameworksBuildPhase;
			buildActionMask = 2147483647;
			files = (
			);
			runOnlyForDeploymentPostprocessing = 0;
		};
		E35826A01D48917000210E84 /* Frameworks */ = {
			isa = PBXFrameworksBuildPhase;
			buildActionMask = 2147483647;
			files = (
			);
			runOnlyForDeploymentPostprocessing = 0;
		};
		E35826AB1D48917000210E84 /* Frameworks */ = {
			isa = PBXFrameworksBuildPhase;
			buildActionMask = 2147483647;
			files = (
			);
			runOnlyForDeploymentPostprocessing = 0;
		};
/* End PBXFrameworksBuildPhase section */

/* Begin PBXGroup section */
		E35826811D48917000210E84 = {
			isa = PBXGroup;
			children = (
				E358268C1D48917000210E84 /* TSNoChat */,
				E35826A61D48917000210E84 /* TSNoChatTests */,
				E35826B11D48917000210E84 /* TSNoChatUITests */,
				E358268B1D48917000210E84 /* Products */,
			);
			sourceTree = "<group>";
		};
		E358268B1D48917000210E84 /* Products */ = {
			isa = PBXGroup;
			children = (
				E358268A1D48917000210E84 /* TSNoChat.app */,
				E35826A31D48917000210E84 /* TSNoChatTests.xctest */,
				E35826AE1D48917000210E84 /* TSNoChatUITests.xctest */,
			);
			name = Products;
			sourceTree = "<group>";
		};
		E358268C1D48917000210E84 /* TSNoChat */ = {
			isa = PBXGroup;
			children = (
				E35826901D48917000210E84 /* AppDelegate.h */,
				E35826911D48917000210E84 /* AppDelegate.m */,
				E35826931D48917000210E84 /* ViewController.h */,
				E35826941D48917000210E84 /* ViewController.m */,
				E35826961D48917000210E84 /* Main.storyboard */,
				E35826991D48917000210E84 /* Assets.xcassets */,
				E358269B1D48917000210E84 /* LaunchScreen.storyboard */,
				E358269E1D48917000210E84 /* Info.plist */,
				E358268D1D48917000210E84 /* Supporting Files */,
			);
			path = TSNoChat;
			sourceTree = "<group>";
		};
		E358268D1D48917000210E84 /* Supporting Files */ = {
			isa = PBXGroup;
			children = (
				E358268E1D48917000210E84 /* main.m */,
			);
			name = "Supporting Files";
			sourceTree = "<group>";
		};
		E35826A61D48917000210E84 /* TSNoChatTests */ = {
			isa = PBXGroup;
			children = (
				E35826A71D48917000210E84 /* TSNoChatTests.m */,
				E35826A91D48917000210E84 /* Info.plist */,
			);
			path = TSNoChatTests;
			sourceTree = "<group>";
		};
		E35826B11D48917000210E84 /* TSNoChatUITests */ = {
			isa = PBXGroup;
			children = (
				E35826B21D48917000210E84 /* TSNoChatUITests.m */,
				E35826B41D48917000210E84 /* Info.plist */,
			);
			path = TSNoChatUITests;
			sourceTree = "<group>";
		};
/* End PBXGroup section */

/* Begin PBXNativeTarget section */
		E35826891D48917000210E84 /* TSNoChat */ = {
			isa = PBXNativeTarget;
			buildConfigurationList = E35826B71D48917000210E84 /* Build configuration list for PBXNativeTarget "TSNoChat" */;
			buildPhases = (
				E35826861D48917000210E84 /* Sources */,
				E35826871D48917000210E84 /* Frameworks */,
				E35826881D48917000210E84 /* Resources */,
			);
			buildRules = (
			);
			dependencies = (
			);
			name = TSNoChat;
			productName = TSNoChat;
			productReference = E358268A1D48917000210E84 /* TSNoChat.app */;
			productType = "com.apple.product-type.application";
		};
		E35826A21D48917000210E84 /* TSNoChatTests */ = {
			isa = PBXNativeTarget;
			buildConfigurationList = E35826BA1D48917000210E84 /* Build configuration list for PBXNativeTarget "TSNoChatTests" */;
			buildPhases = (
				E358269F1D48917000210E84 /* Sources */,
				E35826A01D48917000210E84 /* Frameworks */,
				E35826A11D48917000210E84 /* Resources */,
			);
			buildRules = (
			);
			dependencies = (
				E35826A51D48917000210E84 /* PBXTargetDependency */,
			);
			name = TSNoChatTests;
			productName = TSNoChatTests;
			productReference = E35826A31D48917000210E84 /* TSNoChatTests.xctest */;
			productType = "com.apple.product-type.bundle.unit-test";
		};
		E35826AD1D48917000210E84 /* TSNoChatUITests */ = {
			isa = PBXNativeTarget;
			buildConfigurationList = E35826BD1D48917000210E84 /* Build configuration list for PBXNativeTarget "TSNoChatUITests" */;
			buildPhases = (
				E35826AA1D48917000210E84 /* Sources */,
				E35826AB1D48917000210E84 /* Frameworks */,
				E35826AC1D48917000210E84 /* Resources */,
			);
			buildRules = (
			);
			dependencies = (
				E35826B01D48917000210E84 /* PBXTargetDependency */,
			);
			name = TSNoChatUITests;
			productName = TSNoChatUITests;
			productReference = E35826AE1D48917000210E84 /* TSNoChatUITests.xctest */;
			productType = "com.apple.product-type.bundle.ui-testing";
		};
/* End PBXNativeTarget section */

/* Begin PBXProject section */
		E35826821D48917000210E84 /* Project object */ = {
			isa = PBXProject;
			attributes = {
				LastUpgradeCheck = 0730;
				ORGANIZATIONNAME = WangShengquan;
				TargetAttributes = {
					E35826891D48917000210E84 = {
						CreatedOnToolsVersion = 7.3.1;
					};
					E35826A21D48917000210E84 = {
						CreatedOnToolsVersion = 7.3.1;
						TestTargetID = E35826891D48917000210E84;
					};
					E35826AD1D48917000210E84 = {
						CreatedOnToolsVersion = 7.3.1;
						TestTargetID = E35826891D48917000210E84;
					};
				};
			};
			buildConfigurationList = E35826851D48917000210E84 /* Build configuration list for PBXProject "TSNoChat" */;
			compatibilityVersion = "Xcode 3.2";
			developmentRegion = English;
			hasScannedForEncodings = 0;
			knownRegions = (
				en,
				Base,
			);
			mainGroup = E35826811D48917000210E84;
			productRefGroup = E358268B1D48917000210E84 /* Products */;
			projectDirPath = "";
			projectRoot = "";
			targets = (
				E35826891D48917000210E84 /* TSNoChat */,
				E35826A21D48917000210E84 /* TSNoChatTests */,
				E35826AD1D48917000210E84 /* TSNoChatUITests */,
			);
		};
/* End PBXProject section */

/* Begin PBXResourcesBuildPhase section */
		E35826881D48917000210E84 /* Resources */ = {
			isa = PBXResourcesBuildPhase;
			buildActionMask = 2147483647;
			files = (
				E358269D1D48917000210E84 /* LaunchScreen.storyboard in Resources */,
				E358269A1D48917000210E84 /* Assets.xcassets in Resources */,
				E35826981D48917000210E84 /* Main.storyboard in Resources */,
			);
			runOnlyForDeploymentPostprocessing = 0;
		};
		E35826A11D48917000210E84 /* Resources */ = {
			isa = PBXResourcesBuildPhase;
			buildActionMask = 2147483647;
			files = (
			);
			runOnlyForDeploymentPostprocessing = 0;
		};
		E35826AC1D48917000210E84 /* Resources */ = {
			isa = PBXResourcesBuildPhase;
			buildActionMask = 2147483647;
			files = (
			);
			runOnlyForDeploymentPostprocessing = 0;
		};
/* End PBXResourcesBuildPhase section */

/* Begin PBXSourcesBuildPhase section */
		E35826861D48917000210E84 /* Sources */ = {
			isa = PBXSourcesBuildPhase;
			buildActionMask = 2147483647;
			files = (
				E35826951D48917000210E84 /* ViewController.m in Sources */,
				E35826921D48917000210E84 /* AppDelegate.m in Sources */,
				E358268F1D48917000210E84 /* main.m in Sources */,
			);
			runOnlyForDeploymentPostprocessing = 0;
		};
		E358269F1D48917000210E84 /* Sources */ = {
			isa = PBXSourcesBuildPhase;
			buildActionMask = 2147483647;
			files = (
				E35826A81D48917000210E84 /* TSNoChatTests.m in Sources */,
			);
			runOnlyForDeploymentPostprocessing = 0;
		};
		E35826AA1D48917000210E84 /* Sources */ = {
			isa = PBXSourcesBuildPhase;
			buildActionMask = 2147483647;
			files = (
				E35826B31D48917000210E84 /* TSNoChatUITests.m in Sources */,
			);
			runOnlyForDeploymentPostprocessing = 0;
		};
/* End PBXSourcesBuildPhase section */

/* Begin PBXTargetDependency section */
		E35826A51D48917000210E84 /* PBXTargetDependency */ = {
			isa = PBXTargetDependency;
			target = E35826891D48917000210E84 /* TSNoChat */;
			targetProxy = E35826A41D48917000210E84 /* PBXContainerItemProxy */;
		};
		E35826B01D48917000210E84 /* PBXTargetDependency */ = {
			isa = PBXTargetDependency;
			target = E35826891D48917000210E84 /* TSNoChat */;
			targetProxy = E35826AF1D48917000210E84 /* PBXContainerItemProxy */;
		};
/* End PBXTargetDependency section */

/* Begin PBXVariantGroup section */
		E35826961D48917000210E84 /* Main.storyboard */ = {
			isa = PBXVariantGroup;
			children = (
				E35826971D48917000210E84 /* Base */,
			);
			name = Main.storyboard;
			sourceTree = "<group>";
		};
		E358269B1D48917000210E84 /* LaunchScreen.storyboard */ = {
			isa = PBXVariantGroup;
			children = (
				E358269C1D48917000210E84 /* Base */,
			);
			name = LaunchScreen.storyboard;
			sourceTree = "<group>";
		};
/* End PBXVariantGroup section */

/* Begin XCBuildConfiguration section */
		E35826B51D48917000210E84 /* Debug */ = {
			isa = XCBuildConfiguration;
			buildSettings = {
				ALWAYS_SEARCH_USER_PATHS = NO;
				CLANG_ANALYZER_NONNULL = YES;
				CLANG_CXX_LANGUAGE_STANDARD = "gnu++0x";
				CLANG_CXX_LIBRARY = "libc++";
				CLANG_ENABLE_MODULES = YES;
				CLANG_ENABLE_OBJC_ARC = YES;
				CLANG_WARN_BOOL_CONVERSION = YES;
				CLANG_WARN_CONSTANT_CONVERSION = YES;
				CLANG_WARN_DIRECT_OBJC_ISA_USAGE = YES_ERROR;
				CLANG_WARN_EMPTY_BODY = YES;
				CLANG_WARN_ENUM_CONVERSION = YES;
				CLANG_WARN_INT_CONVERSION = YES;
				CLANG_WARN_OBJC_ROOT_CLASS = YES_ERROR;
				CLANG_WARN_UNREACHABLE_CODE = YES;
				CLANG_WARN__DUPLICATE_METHOD_MATCH = YES;
				"CODE_SIGN_IDENTITY[sdk=iphoneos*]" = "iPhone Developer";
				COPY_PHASE_STRIP = NO;
				DEBUG_INFORMATION_FORMAT = dwarf;
				ENABLE_STRICT_OBJC_MSGSEND = YES;
				ENABLE_TESTABILITY = YES;
				GCC_C_LANGUAGE_STANDARD = gnu99;
				GCC_DYNAMIC_NO_PIC = NO;
				GCC_NO_COMMON_BLOCKS = YES;
				GCC_OPTIMIZATION_LEVEL = 0;
				GCC_PREPROCESSOR_DEFINITIONS = (
					"DEBUG=1",
					"$(inherited)",
				);
				GCC_WARN_64_TO_32_BIT_CONVERSION = YES;
				GCC_WARN_ABOUT_RETURN_TYPE = YES_ERROR;
				GCC_WARN_UNDECLARED_SELECTOR = YES;
				GCC_WARN_UNINITIALIZED_AUTOS = YES_AGGRESSIVE;
				GCC_WARN_UNUSED_FUNCTION = YES;
				GCC_WARN_UNUSED_VARIABLE = YES;
				IPHONEOS_DEPLOYMENT_TARGET = 9.3;
				MTL_ENABLE_DEBUG_INFO = YES;
				ONLY_ACTIVE_ARCH = YES;
				SDKROOT = iphoneos;
				TARGETED_DEVICE_FAMILY = "1,2";
			};
			name = Debug;
		};
		E35826B61D48917000210E84 /* Release */ = {
			isa = XCBuildConfiguration;
			buildSettings = {
				ALWAYS_SEARCH_USER_PATHS = NO;
				CLANG_ANALYZER_NONNULL = YES;
				CLANG_CXX_LANGUAGE_STANDARD = "gnu++0x";
				CLANG_CXX_LIBRARY = "libc++";
				CLANG_ENABLE_MODULES = YES;
				CLANG_ENABLE_OBJC_ARC = YES;
				CLANG_WARN_BOOL_CONVERSION = YES;
				CLANG_WARN_CONSTANT_CONVERSION = YES;
				CLANG_WARN_DIRECT_OBJC_ISA_USAGE = YES_ERROR;
				CLANG_WARN_EMPTY_BODY = YES;
				CLANG_WARN_ENUM_CONVERSION = YES;
				CLANG_WARN_INT_CONVERSION = YES;
				CLANG_WARN_OBJC_ROOT_CLASS = YES_ERROR;
				CLANG_WARN_UNREACHABLE_CODE = YES;
				CLANG_WARN__DUPLICATE_METHOD_MATCH = YES;
				"CODE_SIGN_IDENTITY[sdk=iphoneos*]" = "iPhone Developer";
				COPY_PHASE_STRIP = NO;
				DEBUG_INFORMATION_FORMAT = "dwarf-with-dsym";
				ENABLE_NS_ASSERTIONS = NO;
				ENABLE_STRICT_OBJC_MSGSEND = YES;
				GCC_C_LANGUAGE_STANDARD = gnu99;
				GCC_NO_COMMON_BLOCKS = YES;
				GCC_WARN_64_TO_32_BIT_CONVERSION = YES;
				GCC_WARN_ABOUT_RETURN_TYPE = YES_ERROR;
				GCC_WARN_UNDECLARED_SELECTOR = YES;
				GCC_WARN_UNINITIALIZED_AUTOS = YES_AGGRESSIVE;
				GCC_WARN_UNUSED_FUNCTION = YES;
				GCC_WARN_UNUSED_VARIABLE = YES;
				IPHONEOS_DEPLOYMENT_TARGET = 9.3;
				MTL_ENABLE_DEBUG_INFO = NO;
				SDKROOT = iphoneos;
				TARGETED_DEVICE_FAMILY = "1,2";
				VALIDATE_PRODUCT = YES;
			};
			name = Release;
		};
		E35826B81D48917000210E84 /* Debug */ = {
			isa = XCBuildConfiguration;
			buildSettings = {
				ASSETCATALOG_COMPILER_APPICON_NAME = AppIcon;
				INFOPLIST_FILE = TSNoChat/Info.plist;
				LD_RUNPATH_SEARCH_PATHS = "$(inherited) @executable_path/Frameworks";
				PRODUCT_BUNDLE_IDENTIFIER = com.TonyShng.TSNoChat;
				PRODUCT_NAME = "$(TARGET_NAME)";
			};
			name = Debug;
		};
		E35826B91D48917000210E84 /* Release */ = {
			isa = XCBuildConfiguration;
			buildSettings = {
				ASSETCATALOG_COMPILER_APPICON_NAME = AppIcon;
				INFOPLIST_FILE = TSNoChat/Info.plist;
				LD_RUNPATH_SEARCH_PATHS = "$(inherited) @executable_path/Frameworks";
				PRODUCT_BUNDLE_IDENTIFIER = com.TonyShng.TSNoChat;
				PRODUCT_NAME = "$(TARGET_NAME)";
			};
			name = Release;
		};
		E35826BB1D48917000210E84 /* Debug */ = {
			isa = XCBuildConfiguration;
			buildSettings = {
				BUNDLE_LOADER = "$(TEST_HOST)";
				INFOPLIST_FILE = TSNoChatTests/Info.plist;
				LD_RUNPATH_SEARCH_PATHS = "$(inherited) @executable_path/Frameworks @loader_path/Frameworks";
				PRODUCT_BUNDLE_IDENTIFIER = com.TonyShng.TSNoChatTests;
				PRODUCT_NAME = "$(TARGET_NAME)";
				TEST_HOST = "$(BUILT_PRODUCTS_DIR)/TSNoChat.app/TSNoChat";
			};
			name = Debug;
		};
		E35826BC1D48917000210E84 /* Release */ = {
			isa = XCBuildConfiguration;
			buildSettings = {
				BUNDLE_LOADER = "$(TEST_HOST)";
				INFOPLIST_FILE = TSNoChatTests/Info.plist;
				LD_RUNPATH_SEARCH_PATHS = "$(inherited) @executable_path/Frameworks @loader_path/Frameworks";
				PRODUCT_BUNDLE_IDENTIFIER = com.TonyShng.TSNoChatTests;
				PRODUCT_NAME = "$(TARGET_NAME)";
				TEST_HOST = "$(BUILT_PRODUCTS_DIR)/TSNoChat.app/TSNoChat";
			};
			name = Release;
		};
		E35826BE1D48917000210E84 /* Debug */ = {
			isa = XCBuildConfiguration;
			buildSettings = {
				INFOPLIST_FILE = TSNoChatUITests/Info.plist;
				LD_RUNPATH_SEARCH_PATHS = "$(inherited) @executable_path/Frameworks @loader_path/Frameworks";
				PRODUCT_BUNDLE_IDENTIFIER = com.TonyShng.TSNoChatUITests;
				PRODUCT_NAME = "$(TARGET_NAME)";
				TEST_TARGET_NAME = TSNoChat;
			};
			name = Debug;
		};
		E35826BF1D48917000210E84 /* Release */ = {
			isa = XCBuildConfiguration;
			buildSettings = {
				INFOPLIST_FILE = TSNoChatUITests/Info.plist;
				LD_RUNPATH_SEARCH_PATHS = "$(inherited) @executable_path/Frameworks @loader_path/Frameworks";
				PRODUCT_BUNDLE_IDENTIFIER = com.TonyShng.TSNoChatUITests;
				PRODUCT_NAME = "$(TARGET_NAME)";
				TEST_TARGET_NAME = TSNoChat;
			};
			name = Release;
		};
/* End XCBuildConfiguration section */

/* Begin XCConfigurationList section */
		E35826851D48917000210E84 /* Build configuration list for PBXProject "TSNoChat" */ = {
			isa = XCConfigurationList;
			buildConfigurations = (
				E35826B51D48917000210E84 /* Debug */,
				E35826B61D48917000210E84 /* Release */,
			);
			defaultConfigurationIsVisible = 0;
			defaultConfigurationName = Release;
		};
		E35826B71D48917000210E84 /* Build configuration list for PBXNativeTarget "TSNoChat" */ = {
			isa = XCConfigurationList;
			buildConfigurations = (
				E35826B81D48917000210E84 /* Debug */,
				E35826B91D48917000210E84 /* Release */,
			);
			defaultConfigurationIsVisible = 0;
		};
		E35826BA1D48917000210E84 /* Build configuration list for PBXNativeTarget "TSNoChatTests" */ = {
			isa = XCConfigurationList;
			buildConfigurations = (
				E35826BB1D48917000210E84 /* Debug */,
				E35826BC1D48917000210E84 /* Release */,
			);
			defaultConfigurationIsVisible = 0;
		};
		E35826BD1D48917000210E84 /* Build configuration list for PBXNativeTarget "TSNoChatUITests" */ = {
			isa = XCConfigurationList;
			buildConfigurations = (
				E35826BE1D48917000210E84 /* Debug */,
				E35826BF1D48917000210E84 /* Release */,
			);
			defaultConfigurationIsVisible = 0;
		};
/* End XCConfigurationList section */
	};
	rootObject = E35826821D48917000210E84 /* Project object */;
}
